
Microsoft Visual Studio Solution File, Format Version 12.00
# Visual Studio 15
VisualStudioVersion = 15.0.28307.136
MinimumVisualStudioVersion = 10.0.40219.1
Project("{9A19103F-16F7-4668-BE54-9A1E7A4F7556}") = "CallCenter", "CallCenter\CallCenter.csproj", "{0BAFDBF2-4563-48E5-BA2D-9A9BE9A60E13}"
	ProjectSection(ProjectDependencies) = postProject
		{4654372C-8BB3-43FA-9332-E2C95DA7E47E} = {4654372C-8BB3-43FA-9332-E2C95DA7E47E}
	EndProjectSection
EndProject
Project("{FAE04EC0-301F-11D3-BF4B-00C04F79EFBC}") = "CallCenterLogic", "CallCenterLogic\CallCenterLogic.csproj", "{4654372C-8BB3-43FA-9332-E2C95DA7E47E}"
	ProjectSection(ProjectDependencies) = postProject
		{2BEA11DE-EF15-4658-BB60-5223BB39A10F} = {2BEA11DE-EF15-4658-BB60-5223BB39A10F}
	EndProjectSection
EndProject
Project("{FAE04EC0-301F-11D3-BF4B-00C04F79EFBC}") = "CallCenterModel", "CallCenterModel\CallCenterModel.csproj", "{2BEA11DE-EF15-4658-BB60-5223BB39A10F}"
EndProject
Global
	GlobalSection(SolutionConfigurationPlatforms) = preSolution
		Debug|Any CPU = Debug|Any CPU
		Release|Any CPU = Release|Any CPU
	EndGlobalSection
	GlobalSection(ProjectConfigurationPlatforms) = postSolution
		{0BAFDBF2-4563-48E5-BA2D-9A9BE9A60E13}.Debug|Any CPU.ActiveCfg = Debug|Any CPU
		{0BAFDBF2-4563-48E5-BA2D-9A9BE9A60E13}.Debug|Any CPU.Build.0 = Debug|Any CPU
		{0BAFDBF2-4563-48E5-BA2D-9A9BE9A60E13}.Release|Any CPU.ActiveCfg = Release|Any CPU
		{0BAFDBF2-4563-48E5-BA2D-9A9BE9A60E13}.Release|Any CPU.Build.0 = Release|Any CPU
		{4654372C-8BB3-43FA-9332-E2C95DA7E47E}.Debug|Any CPU.ActiveCfg = Debug|Any CPU
		{4654372C-8BB3-43FA-9332-E2C95DA7E47E}.Debug|Any CPU.Build.0 = Debug|Any CPU
		{4654372C-8BB3-43FA-9332-E2C95DA7E47E}.Release|Any CPU.ActiveCfg = Release|Any CPU
		{4654372C-8BB3-43FA-9332-E2C95DA7E47E}.Release|Any CPU.Build.0 = Release|Any CPU
		{2BEA11DE-EF15-4658-BB60-5223BB39A10F}.Debug|Any CPU.ActiveCfg = Debug|Any CPU
		{2BEA11DE-EF15-4658-BB60-5223BB39A10F}.Debug|Any CPU.Build.0 = Debug|Any CPU
		{2BEA11DE-EF15-4658-BB60-5223BB39A10F}.Release|Any CPU.ActiveCfg = Release|Any CPU
		{2BEA11DE-EF15-4658-BB60-5223BB39A10F}.Release|Any CPU.Build.0 = Release|Any CPU
	EndGlobalSection
	GlobalSection(SolutionProperties) = preSolution
		HideSolutionNode = FALSE
	EndGlobalSection
	GlobalSection(ExtensibilityGlobals) = postSolution
		SolutionGuid = {ACC2DDE8-5D5B-4E12-ADED-1EB71CC3F5F5}
	EndGlobalSection
EndGlobal
